// !$*UTF8*$!
{
	archiveVersion = 1;
	classes = {
	};
	objectVersion = 50;
	objects = {

/* Begin PBXBuildFile section */
		F3BC72D821BC763600F59B88 /* AppDelegate.swift in Sources */ = {isa = PBXBuildFile; fileRef = F3BC72D721BC763600F59B88 /* AppDelegate.swift */; };
		F3BC72DA21BC763600F59B88 /* FirstController.swift in Sources */ = {isa = PBXBuildFile; fileRef = F3BC72D921BC763600F59B88 /* FirstController.swift */; };
		F3BC72DF21BC763700F59B88 /* Assets.xcassets in Resources */ = {isa = PBXBuildFile; fileRef = F3BC72DE21BC763700F59B88 /* Assets.xcassets */; };
		F3BC72E221BC763700F59B88 /* LaunchScreen.storyboard in Resources */ = {isa = PBXBuildFile; fileRef = F3BC72E021BC763700F59B88 /* LaunchScreen.storyboard */; };
		F3BC72EA21BC7B2800F59B88 /* ExtentionForConstraints.swift in Sources */ = {isa = PBXBuildFile; fileRef = F3BC72E921BC7B2800F59B88 /* ExtentionForConstraints.swift */; };
		F3BC72ED21BC7FC200F59B88 /* TableViewController.swift in Sources */ = {isa = PBXBuildFile; fileRef = F3BC72EC21BC7FC200F59B88 /* TableViewController.swift */; };
		F3BC72EF21BC8CF900F59B88 /* CollectionViewController.swift in Sources */ = {isa = PBXBuildFile; fileRef = F3BC72EE21BC8CF900F59B88 /* CollectionViewController.swift */; };
		F3BC72F121BC9D9700F59B88 /* CustomTableViewCell.swift in Sources */ = {isa = PBXBuildFile; fileRef = F3BC72F021BC9D9700F59B88 /* CustomTableViewCell.swift */; };
		F3BC72F421BCA2E600F59B88 /* CustomCollectionViewCell.swift in Sources */ = {isa = PBXBuildFile; fileRef = F3BC72F321BCA2E600F59B88 /* CustomCollectionViewCell.swift */; };
		F3BC72F721BCC7D200F59B88 /* Controller.swift in Sources */ = {isa = PBXBuildFile; fileRef = F3BC72F621BCC7D200F59B88 /* Controller.swift */; };
/* End PBXBuildFile section */

/* Begin PBXFileReference section */
		F3BC72D421BC763600F59B88 /* MOB-1.2-StudyGuide-TM-V_1.app */ = {isa = PBXFileReference; explicitFileType = wrapper.application; includeInIndex = 0; path = "MOB-1.2-StudyGuide-TM-V_1.app"; sourceTree = BUILT_PRODUCTS_DIR; };
		F3BC72D721BC763600F59B88 /* AppDelegate.swift */ = {isa = PBXFileReference; lastKnownFileType = sourcecode.swift; path = AppDelegate.swift; sourceTree = "<group>"; };
		F3BC72D921BC763600F59B88 /* FirstController.swift */ = {isa = PBXFileReference; lastKnownFileType = sourcecode.swift; path = FirstController.swift; sourceTree = "<group>"; };
		F3BC72DE21BC763700F59B88 /* Assets.xcassets */ = {isa = PBXFileReference; lastKnownFileType = folder.assetcatalog; path = Assets.xcassets; sourceTree = "<group>"; };
		F3BC72E121BC763700F59B88 /* Base */ = {isa = PBXFileReference; lastKnownFileType = file.storyboard; name = Base; path = Base.lproj/LaunchScreen.storyboard; sourceTree = "<group>"; };
		F3BC72E321BC763700F59B88 /* Info.plist */ = {isa = PBXFileReference; lastKnownFileType = text.plist.xml; path = Info.plist; sourceTree = "<group>"; };
		F3BC72E921BC7B2800F59B88 /* ExtentionForConstraints.swift */ = {isa = PBXFileReference; lastKnownFileType = sourcecode.swift; path = ExtentionForConstraints.swift; sourceTree = "<group>"; };
		F3BC72EC21BC7FC200F59B88 /* TableViewController.swift */ = {isa = PBXFileReference; lastKnownFileType = sourcecode.swift; path = TableViewController.swift; sourceTree = "<group>"; };
		F3BC72EE21BC8CF900F59B88 /* CollectionViewController.swift */ = {isa = PBXFileReference; lastKnownFileType = sourcecode.swift; path = CollectionViewController.swift; sourceTree = "<group>"; };
		F3BC72F021BC9D9700F59B88 /* CustomTableViewCell.swift */ = {isa = PBXFileReference; lastKnownFileType = sourcecode.swift; path = CustomTableViewCell.swift; sourceTree = "<group>"; };
		F3BC72F321BCA2E600F59B88 /* CustomCollectionViewCell.swift */ = {isa = PBXFileReference; lastKnownFileType = sourcecode.swift; path = CustomCollectionViewCell.swift; sourceTree = "<group>"; };
		F3BC72F621BCC7D200F59B88 /* Controller.swift */ = {isa = PBXFileReference; lastKnownFileType = sourcecode.swift; path = Controller.swift; sourceTree = "<group>"; };
/* End PBXFileReference section */

/* Begin PBXFrameworksBuildPhase section */
		F3BC72D121BC763600F59B88 /* Frameworks */ = {
			isa = PBXFrameworksBuildPhase;
			buildActionMask = 2147483647;
			files = (
			);
			runOnlyForDeploymentPostprocessing = 0;
		};
/* End PBXFrameworksBuildPhase section */

/* Begin PBXGroup section */
		F3BC72CB21BC763600F59B88 = {
			isa = PBXGroup;
			children = (
				F3BC72D621BC763600F59B88 /* MOB-1.2-StudyGuide-TM-V_1 */,
				F3BC72D521BC763600F59B88 /* Products */,
			);
			sourceTree = "<group>";
		};
		F3BC72D521BC763600F59B88 /* Products */ = {
			isa = PBXGroup;
			children = (
				F3BC72D421BC763600F59B88 /* MOB-1.2-StudyGuide-TM-V_1.app */,
			);
			name = Products;
			sourceTree = "<group>";
		};
		F3BC72D621BC763600F59B88 /* MOB-1.2-StudyGuide-TM-V_1 */ = {
			isa = PBXGroup;
			children = (
				F3BC72F521BCC7C000F59B88 /* Model */,
				F3BC72F221BC9DA200F59B88 /* Views */,
				F3BC72EB21BC7B2D00F59B88 /* Controllers */,
				F3BC72D721BC763600F59B88 /* AppDelegate.swift */,
				F3BC72DE21BC763700F59B88 /* Assets.xcassets */,
				F3BC72E021BC763700F59B88 /* LaunchScreen.storyboard */,
				F3BC72E321BC763700F59B88 /* Info.plist */,
			);
			path = "MOB-1.2-StudyGuide-TM-V_1";
			sourceTree = "<group>";
		};
		F3BC72EB21BC7B2D00F59B88 /* Controllers */ = {
			isa = PBXGroup;
			children = (
				F3BC72D921BC763600F59B88 /* FirstController.swift */,
				F3BC72EC21BC7FC200F59B88 /* TableViewController.swift */,
				F3BC72EE21BC8CF900F59B88 /* CollectionViewController.swift */,
				F3BC72E921BC7B2800F59B88 /* ExtentionForConstraints.swift */,
			);
			path = Controllers;
			sourceTree = "<group>";
		};
		F3BC72F221BC9DA200F59B88 /* Views */ = {
			isa = PBXGroup;
			children = (
				F3BC72F021BC9D9700F59B88 /* CustomTableViewCell.swift */,
				F3BC72F321BCA2E600F59B88 /* CustomCollectionViewCell.swift */,
			);
			path = Views;
			sourceTree = "<group>";
		};
		F3BC72F521BCC7C000F59B88 /* Model */ = {
			isa = PBXGroup;
			children = (
				F3BC72F621BCC7D200F59B88 /* Controller.swift */,
			);
			path = Model;
			sourceTree = "<group>";
		};
/* End PBXGroup section */

/* Begin PBXNativeTarget section */
		F3BC72D321BC763600F59B88 /* MOB-1.2-StudyGuide-TM-V_1 */ = {
			isa = PBXNativeTarget;
			buildConfigurationList = F3BC72E621BC763700F59B88 /* Build configuration list for PBXNativeTarget "MOB-1.2-StudyGuide-TM-V_1" */;
			buildPhases = (
				F3BC72D021BC763600F59B88 /* Sources */,
				F3BC72D121BC763600F59B88 /* Frameworks */,
				F3BC72D221BC763600F59B88 /* Resources */,
			);
			buildRules = (
			);
			dependencies = (
			);
			name = "MOB-1.2-StudyGuide-TM-V_1";
			productName = "MOB-1.2-StudyGuide-TM-V_1";
			productReference = F3BC72D421BC763600F59B88 /* MOB-1.2-StudyGuide-TM-V_1.app */;
			productType = "com.apple.product-type.application";
		};
/* End PBXNativeTarget section */

/* Begin PBXProject section */
		F3BC72CC21BC763600F59B88 /* Project object */ = {
			isa = PBXProject;
			attributes = {
				LastSwiftUpdateCheck = 1010;
				LastUpgradeCheck = 1010;
				ORGANIZATIONNAME = "Timofey Makhlay";
				TargetAttributes = {
					F3BC72D321BC763600F59B88 = {
						CreatedOnToolsVersion = 10.1;
					};
				};
			};
			buildConfigurationList = F3BC72CF21BC763600F59B88 /* Build configuration list for PBXProject "MOB-1.2-StudyGuide-TM-V_1" */;
			compatibilityVersion = "Xcode 9.3";
			developmentRegion = en;
			hasScannedForEncodings = 0;
			knownRegions = (
				en,
				Base,
			);
			mainGroup = F3BC72CB21BC763600F59B88;
			productRefGroup = F3BC72D521BC763600F59B88 /* Products */;
			projectDirPath = "";
			projectRoot = "";
			targets = (
				F3BC72D321BC763600F59B88 /* MOB-1.2-StudyGuide-TM-V_1 */,
			);
		};
/* End PBXProject section */

/* Begin PBXResourcesBuildPhase section */
		F3BC72D221BC763600F59B88 /* Resources */ = {
			isa = PBXResourcesBuildPhase;
			buildActionMask = 2147483647;
			files = (
				F3BC72E221BC763700F59B88 /* LaunchScreen.storyboard in Resources */,
				F3BC72DF21BC763700F59B88 /* Assets.xcassets in Resources */,
			);
			runOnlyForDeploymentPostprocessing = 0;
		};
/* End PBXResourcesBuildPhase section */

/* Begin PBXSourcesBuildPhase section */
		F3BC72D021BC763600F59B88 /* Sources */ = {
			isa = PBXSourcesBuildPhase;
			buildActionMask = 2147483647;
			files = (
				F3BC72F121BC9D9700F59B88 /* CustomTableViewCell.swift in Sources */,
				F3BC72F421BCA2E600F59B88 /* CustomCollectionViewCell.swift in Sources */,
				F3BC72DA21BC763600F59B88 /* FirstController.swift in Sources */,
				F3BC72D821BC763600F59B88 /* AppDelegate.swift in Sources */,
				F3BC72EA21BC7B2800F59B88 /* ExtentionForConstraints.swift in Sources */,
				F3BC72ED21BC7FC200F59B88 /* TableViewController.swift in Sources */,
				F3BC72EF21BC8CF900F59B88 /* CollectionViewController.swift in Sources */,
				F3BC72F721BCC7D200F59B88 /* Controller.swift in Sources */,
			);
			runOnlyForDeploymentPostprocessing = 0;
		};
/* End PBXSourcesBuildPhase section */

/* Begin PBXVariantGroup section */
		F3BC72E021BC763700F59B88 /* LaunchScreen.storyboard */ = {
			isa = PBXVariantGroup;
			children = (
				F3BC72E121BC763700F59B88 /* Base */,
			);
			name = LaunchScreen.storyboard;
			sourceTree = "<group>";
		};
/* End PBXVariantGroup section */

/* Begin XCBuildConfiguration section */
		F3BC72E421BC763700F59B88 /* Debug */ = {
			isa = XCBuildConfiguration;
			buildSettings = {
				ALWAYS_SEARCH_USER_PATHS = NO;
				CLANG_ANALYZER_NONNULL = YES;
				CLANG_ANALYZER_NUMBER_OBJECT_CONVERSION = YES_AGGRESSIVE;
				CLANG_CXX_LANGUAGE_STANDARD = "gnu++14";
				CLANG_CXX_LIBRARY = "libc++";
				CLANG_ENABLE_MODULES = YES;
				CLANG_ENABLE_OBJC_ARC = YES;
				CLANG_ENABLE_OBJC_WEAK = YES;
				CLANG_WARN_BLOCK_CAPTURE_AUTORELEASING = YES;
				CLANG_WARN_BOOL_CONVERSION = YES;
				CLANG_WARN_COMMA = YES;
				CLANG_WARN_CONSTANT_CONVERSION = YES;
				CLANG_WARN_DEPRECATED_OBJC_IMPLEMENTATIONS = YES;
				CLANG_WARN_DIRECT_OBJC_ISA_USAGE = YES_ERROR;
				CLANG_WARN_DOCUMENTATION_COMMENTS = YES;
				CLANG_WARN_EMPTY_BODY = YES;
				CLANG_WARN_ENUM_CONVERSION = YES;
				CLANG_WARN_INFINITE_RECURSION = YES;
				CLANG_WARN_INT_CONVERSION = YES;
				CLANG_WARN_NON_LITERAL_NULL_CONVERSION = YES;
				CLANG_WARN_OBJC_IMPLICIT_RETAIN_SELF = YES;
				CLANG_WARN_OBJC_LITERAL_CONVERSION = YES;
				CLANG_WARN_OBJC_ROOT_CLASS = YES_ERROR;
				CLANG_WARN_RANGE_LOOP_ANALYSIS = YES;
				CLANG_WARN_STRICT_PROTOTYPES = YES;
				CLANG_WARN_SUSPICIOUS_MOVE = YES;
				CLANG_WARN_UNGUARDED_AVAILABILITY = YES_AGGRESSIVE;
				CLANG_WARN_UNREACHABLE_CODE = YES;
				CLANG_WARN__DUPLICATE_METHOD_MATCH = YES;
				CODE_SIGN_IDENTITY = "iPhone Developer";
				COPY_PHASE_STRIP = NO;
				DEBUG_INFORMATION_FORMAT = dwarf;
				ENABLE_STRICT_OBJC_MSGSEND = YES;
				ENABLE_TESTABILITY = YES;
				GCC_C_LANGUAGE_STANDARD = gnu11;
				GCC_DYNAMIC_NO_PIC = NO;
				GCC_NO_COMMON_BLOCKS = YES;
				GCC_OPTIMIZATION_LEVEL = 0;
				GCC_PREPROCESSOR_DEFINITIONS = (
					"DEBUG=1",
					"$(inherited)",
				);
				GCC_WARN_64_TO_32_BIT_CONVERSION = YES;
				GCC_WARN_ABOUT_RETURN_TYPE = YES_ERROR;
				GCC_WARN_UNDECLARED_SELECTOR = YES;
				GCC_WARN_UNINITIALIZED_AUTOS = YES_AGGRESSIVE;
				GCC_WARN_UNUSED_FUNCTION = YES;
				GCC_WARN_UNUSED_VARIABLE = YES;
				IPHONEOS_DEPLOYMENT_TARGET = 12.1;
				MTL_ENABLE_DEBUG_INFO = INCLUDE_SOURCE;
				MTL_FAST_MATH = YES;
				ONLY_ACTIVE_ARCH = YES;
				SDKROOT = iphoneos;
				SWIFT_ACTIVE_COMPILATION_CONDITIONS = DEBUG;
				SWIFT_OPTIMIZATION_LEVEL = "-Onone";
			};
			name = Debug;
		};
		F3BC72E521BC763700F59B88 /* Release */ = {
			isa = XCBuildConfiguration;
			buildSettings = {
				ALWAYS_SEARCH_USER_PATHS = NO;
				CLANG_ANALYZER_NONNULL = YES;
				CLANG_ANALYZER_NUMBER_OBJECT_CONVERSION = YES_AGGRESSIVE;
				CLANG_CXX_LANGUAGE_STANDARD = "gnu++14";
				CLANG_CXX_LIBRARY = "libc++";
				CLANG_ENABLE_MODULES = YES;
				CLANG_ENABLE_OBJC_ARC = YES;
				CLANG_ENABLE_OBJC_WEAK = YES;
				CLANG_WARN_BLOCK_CAPTURE_AUTORELEASING = YES;
				CLANG_WARN_BOOL_CONVERSION = YES;
				CLANG_WARN_COMMA = YES;
				CLANG_WARN_CONSTANT_CONVERSION = YES;
				CLANG_WARN_DEPRECATED_OBJC_IMPLEMENTATIONS = YES;
				CLANG_WARN_DIRECT_OBJC_ISA_USAGE = YES_ERROR;
				CLANG_WARN_DOCUMENTATION_COMMENTS = YES;
				CLANG_WARN_EMPTY_BODY = YES;
				CLANG_WARN_ENUM_CONVERSION = YES;
				CLANG_WARN_INFINITE_RECURSION = YES;
				CLANG_WARN_INT_CONVERSION = YES;
				CLANG_WARN_NON_LITERAL_NULL_CONVERSION = YES;
				CLANG_WARN_OBJC_IMPLICIT_RETAIN_SELF = YES;
				CLANG_WARN_OBJC_LITERAL_CONVERSION = YES;
				CLANG_WARN_OBJC_ROOT_CLASS = YES_ERROR;
				CLANG_WARN_RANGE_LOOP_ANALYSIS = YES;
				CLANG_WARN_STRICT_PROTOTYPES = YES;
				CLANG_WARN_SUSPICIOUS_MOVE = YES;
				CLANG_WARN_UNGUARDED_AVAILABILITY = YES_AGGRESSIVE;
				CLANG_WARN_UNREACHABLE_CODE = YES;
				CLANG_WARN__DUPLICATE_METHOD_MATCH = YES;
				CODE_SIGN_IDENTITY = "iPhone Developer";
				COPY_PHASE_STRIP = NO;
				DEBUG_INFORMATION_FORMAT = "dwarf-with-dsym";
				ENABLE_NS_ASSERTIONS = NO;
				ENABLE_STRICT_OBJC_MSGSEND = YES;
				GCC_C_LANGUAGE_STANDARD = gnu11;
				GCC_NO_COMMON_BLOCKS = YES;
				GCC_WARN_64_TO_32_BIT_CONVERSION = YES;
				GCC_WARN_ABOUT_RETURN_TYPE = YES_ERROR;
				GCC_WARN_UNDECLARED_SELECTOR = YES;
				GCC_WARN_UNINITIALIZED_AUTOS = YES_AGGRESSIVE;
				GCC_WARN_UNUSED_FUNCTION = YES;
				GCC_WARN_UNUSED_VARIABLE = YES;
				IPHONEOS_DEPLOYMENT_TARGET = 12.1;
				MTL_ENABLE_DEBUG_INFO = NO;
				MTL_FAST_MATH = YES;
				SDKROOT = iphoneos;
				SWIFT_COMPILATION_MODE = wholemodule;
				SWIFT_OPTIMIZATION_LEVEL = "-O";
				VALIDATE_PRODUCT = YES;
			};
			name = Release;
		};
		F3BC72E721BC763700F59B88 /* Debug */ = {
			isa = XCBuildConfiguration;
			buildSettings = {
				ASSETCATALOG_COMPILER_APPICON_NAME = AppIcon;
				CODE_SIGN_STYLE = Automatic;
				DEVELOPMENT_TEAM = SAZ2DLKCVY;
				INFOPLIST_FILE = "MOB-1.2-StudyGuide-TM-V_1/Info.plist";
				LD_RUNPATH_SEARCH_PATHS = (
					"$(inherited)",
					"@executable_path/Frameworks",
				);
				PRODUCT_BUNDLE_IDENTIFIER = "Timofey-Makhlay.MOB-1-2-StudyGuide-TM-V-1";
				PRODUCT_NAME = "$(TARGET_NAME)";
				SWIFT_VERSION = 4.2;
				TARGETED_DEVICE_FAMILY = "1,2";
			};
			name = Debug;
		};
		F3BC72E821BC763700F59B88 /* Release */ = {
			isa = XCBuildConfiguration;
			buildSettings = {
				ASSETCATALOG_COMPILER_APPICON_NAME = AppIcon;
				CODE_SIGN_STYLE = Automatic;
				DEVELOPMENT_TEAM = SAZ2DLKCVY;
				INFOPLIST_FILE = "MOB-1.2-StudyGuide-TM-V_1/Info.plist";
				LD_RUNPATH_SEARCH_PATHS = (
					"$(inherited)",
					"@executable_path/Frameworks",
				);
				PRODUCT_BUNDLE_IDENTIFIER = "Timofey-Makhlay.MOB-1-2-StudyGuide-TM-V-1";
				PRODUCT_NAME = "$(TARGET_NAME)";
				SWIFT_VERSION = 4.2;
				TARGETED_DEVICE_FAMILY = "1,2";
			};
			name = Release;
		};
/* End XCBuildConfiguration section */

/* Begin XCConfigurationList section */
		F3BC72CF21BC763600F59B88 /* Build configuration list for PBXProject "MOB-1.2-StudyGuide-TM-V_1" */ = {
			isa = XCConfigurationList;
			buildConfigurations = (
				F3BC72E421BC763700F59B88 /* Debug */,
				F3BC72E521BC763700F59B88 /* Release */,
			);
			defaultConfigurationIsVisible = 0;
			defaultConfigurationName = Release;
		};
		F3BC72E621BC763700F59B88 /* Build configuration list for PBXNativeTarget "MOB-1.2-StudyGuide-TM-V_1" */ = {
			isa = XCConfigurationList;
			buildConfigurations = (
				F3BC72E721BC763700F59B88 /* Debug */,
				F3BC72E821BC763700F59B88 /* Release */,
			);
			defaultConfigurationIsVisible = 0;
			defaultConfigurationName = Release;
		};
/* End XCConfigurationList section */
	};
	rootObject = F3BC72CC21BC763600F59B88 /* Project object */;
}
